
Microsoft Visual Studio Solution File, Format Version 12.00
# Visual Studio Version 17
VisualStudioVersion = 17.1.32319.34
MinimumVisualStudioVersion = 10.0.40219.1
Project("{9A19103F-16F7-4668-BE54-9A1E7A4F7556}") = "Test.WebAPI", "Test.WebAPI\Test.WebAPI.csproj", "{0958C3FB-3C2D-4FE9-B9C8-726B93050A2C}"
EndProject
Project("{9A19103F-16F7-4668-BE54-9A1E7A4F7556}") = "Test.Domain", "Test.Domain\Test.Domain.csproj", "{15EC6A64-E722-4570-A03F-257D78AE2C8C}"
EndProject
Project("{9A19103F-16F7-4668-BE54-9A1E7A4F7556}") = "Test.Infrastructure", "Test.Infrastructure\Test.Infrastructure.csproj", "{BD2DBED9-A960-4AF7-9B50-0EC4F8B7BD6F}"
EndProject
Global
	GlobalSection(SolutionConfigurationPlatforms) = preSolution
		Debug|Any CPU = Debug|Any CPU
		Release|Any CPU = Release|Any CPU
	EndGlobalSection
	GlobalSection(ProjectConfigurationPlatforms) = postSolution
		{0958C3FB-3C2D-4FE9-B9C8-726B93050A2C}.Debug|Any CPU.ActiveCfg = Debug|Any CPU
		{0958C3FB-3C2D-4FE9-B9C8-726B93050A2C}.Debug|Any CPU.Build.0 = Debug|Any CPU
		{0958C3FB-3C2D-4FE9-B9C8-726B93050A2C}.Release|Any CPU.ActiveCfg = Release|Any CPU
		{0958C3FB-3C2D-4FE9-B9C8-726B93050A2C}.Release|Any CPU.Build.0 = Release|Any CPU
		{15EC6A64-E722-4570-A03F-257D78AE2C8C}.Debug|Any CPU.ActiveCfg = Debug|Any CPU
		{15EC6A64-E722-4570-A03F-257D78AE2C8C}.Debug|Any CPU.Build.0 = Debug|Any CPU
		{15EC6A64-E722-4570-A03F-257D78AE2C8C}.Release|Any CPU.ActiveCfg = Release|Any CPU
		{15EC6A64-E722-4570-A03F-257D78AE2C8C}.Release|Any CPU.Build.0 = Release|Any CPU
		{BD2DBED9-A960-4AF7-9B50-0EC4F8B7BD6F}.Debug|Any CPU.ActiveCfg = Debug|Any CPU
		{BD2DBED9-A960-4AF7-9B50-0EC4F8B7BD6F}.Debug|Any CPU.Build.0 = Debug|Any CPU
		{BD2DBED9-A960-4AF7-9B50-0EC4F8B7BD6F}.Release|Any CPU.ActiveCfg = Release|Any CPU
		{BD2DBED9-A960-4AF7-9B50-0EC4F8B7BD6F}.Release|Any CPU.Build.0 = Release|Any CPU
	EndGlobalSection
	GlobalSection(SolutionProperties) = preSolution
		HideSolutionNode = FALSE
	EndGlobalSection
	GlobalSection(ExtensibilityGlobals) = postSolution
		SolutionGuid = {6B67A1D8-4F8F-4481-8EBF-6CFE00FFB5D4}
	EndGlobalSection
EndGlobal
